
Microsoft Visual Studio Solution File, Format Version 12.00
# Visual Studio Version 16
VisualStudioVersion = 16.0.29230.47
MinimumVisualStudioVersion = 10.0.40219.1
Project("{FAE04EC0-301F-11D3-BF4B-00C04F79EFBC}") = "Homework4", "Homework4.csproj", "{F1EA0BED-6097-4FE5-A0F8-B8D8F4379979}"
EndProject
Global
	GlobalSection(SolutionConfigurationPlatforms) = preSolution
		Debug|Any CPU = Debug|Any CPU
		Release|Any CPU = Release|Any CPU
	EndGlobalSection
	GlobalSection(ProjectConfigurationPlatforms) = postSolution
		{F1EA0BED-6097-4FE5-A0F8-B8D8F4379979}.Debug|Any CPU.ActiveCfg = Debug|Any CPU
		{F1EA0BED-6097-4FE5-A0F8-B8D8F4379979}.Debug|Any CPU.Build.0 = Debug|Any CPU
		{F1EA0BED-6097-4FE5-A0F8-B8D8F4379979}.Release|Any CPU.ActiveCfg = Release|Any CPU
		{F1EA0BED-6097-4FE5-A0F8-B8D8F4379979}.Release|Any CPU.Build.0 = Release|Any CPU
	EndGlobalSection
	GlobalSection(SolutionProperties) = preSolution
		HideSolutionNode = FALSE
	EndGlobalSection
	GlobalSection(ExtensibilityGlobals) = postSolution
		SolutionGuid = {D177262D-6946-4297-8A26-11819A7C278D}
	EndGlobalSection
EndGlobal
