
Microsoft Visual Studio Solution File, Format Version 12.00
# Visual Studio Version 16
VisualStudioVersion = 16.0.29230.47
MinimumVisualStudioVersion = 10.0.40219.1
Project("{FAE04EC0-301F-11D3-BF4B-00C04F79EFBC}") = "Tasks", "Tasks.csproj", "{30352F69-9CE3-48B9-BA2C-B206AB0DB258}"
EndProject
Global
	GlobalSection(SolutionConfigurationPlatforms) = preSolution
		Debug|Any CPU = Debug|Any CPU
		Release|Any CPU = Release|Any CPU
	EndGlobalSection
	GlobalSection(ProjectConfigurationPlatforms) = postSolution
		{30352F69-9CE3-48B9-BA2C-B206AB0DB258}.Debug|Any CPU.ActiveCfg = Debug|Any CPU
		{30352F69-9CE3-48B9-BA2C-B206AB0DB258}.Debug|Any CPU.Build.0 = Debug|Any CPU
		{30352F69-9CE3-48B9-BA2C-B206AB0DB258}.Release|Any CPU.ActiveCfg = Release|Any CPU
		{30352F69-9CE3-48B9-BA2C-B206AB0DB258}.Release|Any CPU.Build.0 = Release|Any CPU
	EndGlobalSection
	GlobalSection(SolutionProperties) = preSolution
		HideSolutionNode = FALSE
	EndGlobalSection
	GlobalSection(ExtensibilityGlobals) = postSolution
		SolutionGuid = {1F4BDDC5-3A8B-43A1-9693-0D7B440F0C1C}
	EndGlobalSection
EndGlobal
